<Solution>
  <Folder Name="/SolutionItems/">
    <File Path="README.md" />
    <File Path="TODO.md" />
  </Folder>
  <Folder Name="/Tests/">
    <Project Path="tests/DScratch.E2E/DScratch.E2E.csproj" />
    <Project Path="tests/DScratch.Tests/DScratch.Tests.csproj" />
  </Folder>
  <Folder Name="/Tools/">
    <Project Path="tools/DScratch.TreeVisualizers/DScratch.TreeVisualizers.csproj" />
  </Folder>
  <Project Path="src/DScratch.Client\DScratch.Client.csproj" />
  <Project Path="src/DScratch.Host\DScratch.Host.csproj" />
  <Project Path="src/DScratch/DScratch.csproj" />
</Solution>
